
Microsoft Visual Studio Solution File, Format Version 12.00
# Visual Studio Version 16
VisualStudioVersion = 16.0.31424.327
MinimumVisualStudioVersion = 10.0.40219.1
Project("{FAE04EC0-301F-11D3-BF4B-00C04F79EFBC}") = "BOOPM3_06_01", "BOOPM3_06_01\BOOPM3_06_01.csproj", "{0085A904-C0B1-45A7-8CE1-4719F2129662}"
EndProject
Project("{FAE04EC0-301F-11D3-BF4B-00C04F79EFBC}") = "BOOPM3_06_02", "BOOPM3_06_02\BOOPM3_06_02.csproj", "{6D442DD4-5AEA-4EEE-85E2-D704234BBC06}"
EndProject
Project("{FAE04EC0-301F-11D3-BF4B-00C04F79EFBC}") = "BOOPM3_06_03", "BOOPM3_06_03\BOOPM3_06_03.csproj", "{A45041B2-159E-4B1D-BE9C-7EE3BAA949AF}"
EndProject
Project("{FAE04EC0-301F-11D3-BF4B-00C04F79EFBC}") = "BOOPM3_06_04", "BOOPM3_06_04\BOOPM3_06_04.csproj", "{D66C21EC-BC05-48AC-AB97-66886B929AAE}"
EndProject
Project("{FAE04EC0-301F-11D3-BF4B-00C04F79EFBC}") = "BOOPM3_06_05", "BOOPM3_06_05\BOOPM3_06_05.csproj", "{BDA1F8CA-41F7-4DAD-BC0E-EDC373F61A03}"
EndProject
Project("{FAE04EC0-301F-11D3-BF4B-00C04F79EFBC}") = "BOOPM3_06_06", "BOOPM3_06_06\BOOPM3_06_06.csproj", "{2477C43A-1092-43D8-810B-988C9E47CB9F}"
EndProject
Project("{FAE04EC0-301F-11D3-BF4B-00C04F79EFBC}") = "BOOPM3_06_07", "BOOPM3_06_07\BOOPM3_06_07.csproj", "{84080F81-3E7C-47DE-816B-2091F99D5510}"
EndProject
Global
	GlobalSection(SolutionConfigurationPlatforms) = preSolution
		Debug|Any CPU = Debug|Any CPU
		Release|Any CPU = Release|Any CPU
	EndGlobalSection
	GlobalSection(ProjectConfigurationPlatforms) = postSolution
		{0085A904-C0B1-45A7-8CE1-4719F2129662}.Debug|Any CPU.ActiveCfg = Debug|Any CPU
		{0085A904-C0B1-45A7-8CE1-4719F2129662}.Debug|Any CPU.Build.0 = Debug|Any CPU
		{0085A904-C0B1-45A7-8CE1-4719F2129662}.Release|Any CPU.ActiveCfg = Release|Any CPU
		{0085A904-C0B1-45A7-8CE1-4719F2129662}.Release|Any CPU.Build.0 = Release|Any CPU
		{6D442DD4-5AEA-4EEE-85E2-D704234BBC06}.Debug|Any CPU.ActiveCfg = Debug|Any CPU
		{6D442DD4-5AEA-4EEE-85E2-D704234BBC06}.Debug|Any CPU.Build.0 = Debug|Any CPU
		{6D442DD4-5AEA-4EEE-85E2-D704234BBC06}.Release|Any CPU.ActiveCfg = Release|Any CPU
		{6D442DD4-5AEA-4EEE-85E2-D704234BBC06}.Release|Any CPU.Build.0 = Release|Any CPU
		{A45041B2-159E-4B1D-BE9C-7EE3BAA949AF}.Debug|Any CPU.ActiveCfg = Debug|Any CPU
		{A45041B2-159E-4B1D-BE9C-7EE3BAA949AF}.Debug|Any CPU.Build.0 = Debug|Any CPU
		{A45041B2-159E-4B1D-BE9C-7EE3BAA949AF}.Release|Any CPU.ActiveCfg = Release|Any CPU
		{A45041B2-159E-4B1D-BE9C-7EE3BAA949AF}.Release|Any CPU.Build.0 = Release|Any CPU
		{D66C21EC-BC05-48AC-AB97-66886B929AAE}.Debug|Any CPU.ActiveCfg = Debug|Any CPU
		{D66C21EC-BC05-48AC-AB97-66886B929AAE}.Debug|Any CPU.Build.0 = Debug|Any CPU
		{D66C21EC-BC05-48AC-AB97-66886B929AAE}.Release|Any CPU.ActiveCfg = Release|Any CPU
		{D66C21EC-BC05-48AC-AB97-66886B929AAE}.Release|Any CPU.Build.0 = Release|Any CPU
		{BDA1F8CA-41F7-4DAD-BC0E-EDC373F61A03}.Debug|Any CPU.ActiveCfg = Debug|Any CPU
		{BDA1F8CA-41F7-4DAD-BC0E-EDC373F61A03}.Debug|Any CPU.Build.0 = Debug|Any CPU
		{BDA1F8CA-41F7-4DAD-BC0E-EDC373F61A03}.Release|Any CPU.ActiveCfg = Release|Any CPU
		{BDA1F8CA-41F7-4DAD-BC0E-EDC373F61A03}.Release|Any CPU.Build.0 = Release|Any CPU
		{2477C43A-1092-43D8-810B-988C9E47CB9F}.Debug|Any CPU.ActiveCfg = Debug|Any CPU
		{2477C43A-1092-43D8-810B-988C9E47CB9F}.Debug|Any CPU.Build.0 = Debug|Any CPU
		{2477C43A-1092-43D8-810B-988C9E47CB9F}.Release|Any CPU.ActiveCfg = Release|Any CPU
		{2477C43A-1092-43D8-810B-988C9E47CB9F}.Release|Any CPU.Build.0 = Release|Any CPU
		{84080F81-3E7C-47DE-816B-2091F99D5510}.Debug|Any CPU.ActiveCfg = Debug|Any CPU
		{84080F81-3E7C-47DE-816B-2091F99D5510}.Debug|Any CPU.Build.0 = Debug|Any CPU
		{84080F81-3E7C-47DE-816B-2091F99D5510}.Release|Any CPU.ActiveCfg = Release|Any CPU
		{84080F81-3E7C-47DE-816B-2091F99D5510}.Release|Any CPU.Build.0 = Release|Any CPU
	EndGlobalSection
	GlobalSection(SolutionProperties) = preSolution
		HideSolutionNode = FALSE
	EndGlobalSection
	GlobalSection(ExtensibilityGlobals) = postSolution
		SolutionGuid = {0D6AA055-1404-4AD6-A20E-2F1768F45631}
	EndGlobalSection
EndGlobal
